
Microsoft Visual Studio Solution File, Format Version 12.00
# Visual Studio Version 17
VisualStudioVersion = 17.4.32916.344
MinimumVisualStudioVersion = 10.0.40219.1
Project("{888888A0-9F3D-457C-B088-3A5042F75D52}") = "proj1", "proj1\proj1.pyproj", "{661B046B-1904-4E97-AB6C-93729DDF7320}"
EndProject
Global
	GlobalSection(SolutionConfigurationPlatforms) = preSolution
		Debug|Any CPU = Debug|Any CPU
		Release|Any CPU = Release|Any CPU
	EndGlobalSection
	GlobalSection(ProjectConfigurationPlatforms) = postSolution
		{661B046B-1904-4E97-AB6C-93729DDF7320}.Debug|Any CPU.ActiveCfg = Debug|Any CPU
		{661B046B-1904-4E97-AB6C-93729DDF7320}.Release|Any CPU.ActiveCfg = Release|Any CPU
	EndGlobalSection
	GlobalSection(SolutionProperties) = preSolution
		HideSolutionNode = FALSE
	EndGlobalSection
	GlobalSection(ExtensibilityGlobals) = postSolution
		SolutionGuid = {28B59A67-27E5-4CF9-924A-C9DB1FAB3D39}
	EndGlobalSection
EndGlobal
